
Microsoft Visual Studio Solution File, Format Version 12.00
# Visual Studio 15
VisualStudioVersion = 15.0.28010.2003
MinimumVisualStudioVersion = 10.0.40219.1
Project("{FAE04EC0-301F-11D3-BF4B-00C04F79EFBC}") = "h2bank", "h2bank\h2bank.csproj", "{7C74838F-69FA-43A4-B3DF-4065372D7101}"
EndProject
Global
	GlobalSection(SolutionConfigurationPlatforms) = preSolution
		Debug|Any CPU = Debug|Any CPU
		Release|Any CPU = Release|Any CPU
	EndGlobalSection
	GlobalSection(ProjectConfigurationPlatforms) = postSolution
		{7C74838F-69FA-43A4-B3DF-4065372D7101}.Debug|Any CPU.ActiveCfg = Debug|Any CPU
		{7C74838F-69FA-43A4-B3DF-4065372D7101}.Debug|Any CPU.Build.0 = Debug|Any CPU
		{7C74838F-69FA-43A4-B3DF-4065372D7101}.Release|Any CPU.ActiveCfg = Release|Any CPU
		{7C74838F-69FA-43A4-B3DF-4065372D7101}.Release|Any CPU.Build.0 = Release|Any CPU
	EndGlobalSection
	GlobalSection(SolutionProperties) = preSolution
		HideSolutionNode = FALSE
	EndGlobalSection
	GlobalSection(ExtensibilityGlobals) = postSolution
		SolutionGuid = {B2853C1D-353F-4F30-B25D-F52026F4E01B}
	EndGlobalSection
EndGlobal
